
Microsoft Visual Studio Solution File, Format Version 12.00
# Visual Studio Version 17
VisualStudioVersion = 17.13.35931.197 d17.13
MinimumVisualStudioVersion = 10.0.40219.1
Project("{FAE04EC0-301F-11D3-BF4B-00C04F79EFBC}") = "PostalService", "PostalService\PostalService.csproj", "{38D1B728-7BBA-4A38-9D92-9859B360198E}"
EndProject
Global
	GlobalSection(SolutionConfigurationPlatforms) = preSolution
		Debug|Any CPU = Debug|Any CPU
		Release|Any CPU = Release|Any CPU
	EndGlobalSection
	GlobalSection(ProjectConfigurationPlatforms) = postSolution
		{38D1B728-7BBA-4A38-9D92-9859B360198E}.Debug|Any CPU.ActiveCfg = Debug|Any CPU
		{38D1B728-7BBA-4A38-9D92-9859B360198E}.Debug|Any CPU.Build.0 = Debug|Any CPU
		{38D1B728-7BBA-4A38-9D92-9859B360198E}.Release|Any CPU.ActiveCfg = Release|Any CPU
		{38D1B728-7BBA-4A38-9D92-9859B360198E}.Release|Any CPU.Build.0 = Release|Any CPU
	EndGlobalSection
	GlobalSection(SolutionProperties) = preSolution
		HideSolutionNode = FALSE
	EndGlobalSection
	GlobalSection(ExtensibilityGlobals) = postSolution
		SolutionGuid = {D5FCA27F-2D82-4AB1-BF77-4EAA508EF23F}
	EndGlobalSection
EndGlobal
